# @generated by Move, please check-in and do not edit manually.

[move]
version = 3
manifest_digest = "22A6A3E4424D3D56696793D1BB2914B47FA884D7D014A3578AC2CAC24C9FC03A"
deps_digest = "CAFAD8A7CF51067FB4358215BECB86BD100DD64E57C2AC8A7AE7D74B688F5965"
dependencies = [
  { id = "Bridge", name = "Bridge" },
  { id = "MoveStdlib", name = "MoveStdlib" },
  { id = "Sui", name = "Sui" },
  { id = "SuiSystem", name = "SuiSystem" },
  { id = "commitment", name = "commitment" },
  { id = "constants", name = "constants" },
  { id = "coordination", name = "coordination" },
]

[[move.package]]
id = "Bridge"
source = { git = "https://github.com/MystenLabs/sui.git", rev = "209f0da8e316", subdir = "crates/sui-framework/packages/bridge" }

dependencies = [
  { id = "MoveStdlib", name = "MoveStdlib" },
  { id = "Sui", name = "Sui" },
  { id = "SuiSystem", name = "SuiSystem" },
]

[[move.package]]
id = "MoveStdlib"
source = { git = "https://github.com/MystenLabs/sui.git", rev = "209f0da8e316", subdir = "crates/sui-framework/packages/move-stdlib" }

[[move.package]]
id = "Sui"
source = { git = "https://github.com/MystenLabs/sui.git", rev = "209f0da8e316", subdir = "crates/sui-framework/packages/sui-framework" }

dependencies = [
  { id = "MoveStdlib", name = "MoveStdlib" },
]

[[move.package]]
id = "SuiSystem"
source = { git = "https://github.com/MystenLabs/sui.git", rev = "209f0da8e316", subdir = "crates/sui-framework/packages/sui-system" }

dependencies = [
  { id = "MoveStdlib", name = "MoveStdlib" },
  { id = "Sui", name = "Sui" },
]

[[move.package]]
id = "commitment"
source = { local = "../../../move/commitment" }

dependencies = [
  { id = "Bridge", name = "Bridge" },
  { id = "MoveStdlib", name = "MoveStdlib" },
  { id = "Sui", name = "Sui" },
  { id = "SuiSystem", name = "SuiSystem" },
  { id = "constants", name = "constants" },
]

[[move.package]]
id = "constants"
source = { local = "../../../move/constants" }

dependencies = [
  { id = "Bridge", name = "Bridge" },
  { id = "MoveStdlib", name = "MoveStdlib" },
  { id = "Sui", name = "Sui" },
  { id = "SuiSystem", name = "SuiSystem" },
]

[[move.package]]
id = "coordination"
source = { local = "../../../move/coordination" }

dependencies = [
  { id = "Bridge", name = "Bridge" },
  { id = "MoveStdlib", name = "MoveStdlib" },
  { id = "Sui", name = "Sui" },
  { id = "SuiSystem", name = "SuiSystem" },
  { id = "commitment", name = "commitment" },
  { id = "constants", name = "constants" },
]

[move.toolchain-version]
compiler-version = "1.53.1"
edition = "2024.beta"
flavor = "sui"

[env]

[env.devnet]
chain-id = "4256f1d2"
original-published-id = "0x86c3d88659cef230aa594906747b42d13dce0daf20cbaaef8e8f76d6db7aee13"
latest-published-id = "0x86c3d88659cef230aa594906747b42d13dce0daf20cbaaef8e8f76d6db7aee13"
published-version = "1"
