# @generated by Move, please check-in and do not edit manually.

[move]
version = 3
manifest_digest = "7B2F15A58235D53EF1D8B73B72813339AFAEC2081085982136B28A816B3383A3"
deps_digest = "52B406A7A21811BEF51751CF88DA0E76DAEFFEAC888D4F4060B1A72BBE7D8D35"
dependencies = [
  { id = "Bridge", name = "Bridge" },
  { id = "MoveStdlib", name = "MoveStdlib" },
  { id = "Sui", name = "Sui" },
  { id = "SuiSystem", name = "SuiSystem" },
  { id = "commitment", name = "commitment" },
  { id = "constants", name = "constants" },
]

[[move.package]]
id = "Bridge"
source = { git = "https://github.com/MystenLabs/sui.git", rev = "2c930c25f8d3", subdir = "crates/sui-framework/packages/bridge" }

dependencies = [
  { id = "MoveStdlib", name = "MoveStdlib" },
  { id = "Sui", name = "Sui" },
  { id = "SuiSystem", name = "SuiSystem" },
]

[[move.package]]
id = "MoveStdlib"
source = { git = "https://github.com/MystenLabs/sui.git", rev = "2c930c25f8d3", subdir = "crates/sui-framework/packages/move-stdlib" }

[[move.package]]
id = "Sui"
source = { git = "https://github.com/MystenLabs/sui.git", rev = "2c930c25f8d3", subdir = "crates/sui-framework/packages/sui-framework" }

dependencies = [
  { id = "MoveStdlib", name = "MoveStdlib" },
]

[[move.package]]
id = "SuiSystem"
source = { git = "https://github.com/MystenLabs/sui.git", rev = "2c930c25f8d3", subdir = "crates/sui-framework/packages/sui-system" }

dependencies = [
  { id = "MoveStdlib", name = "MoveStdlib" },
  { id = "Sui", name = "Sui" },
]

[[move.package]]
id = "commitment"
source = { local = "../commitment" }

dependencies = [
  { id = "Bridge", name = "Bridge" },
  { id = "MoveStdlib", name = "MoveStdlib" },
  { id = "Sui", name = "Sui" },
  { id = "SuiSystem", name = "SuiSystem" },
  { id = "constants", name = "constants" },
]

[[move.package]]
id = "constants"
source = { local = "../constants" }

dependencies = [
  { id = "Bridge", name = "Bridge" },
  { id = "MoveStdlib", name = "MoveStdlib" },
  { id = "Sui", name = "Sui" },
  { id = "SuiSystem", name = "SuiSystem" },
]

[move.toolchain-version]
compiler-version = "1.55.0"
edition = "2024.beta"
flavor = "sui"

[env]

[env.devnet]
chain-id = "f117859f"
original-published-id = "0x115c7e15bc3f584b458fd984589a61482a18e8f5f9ad4865dd7ff6b1a685df9d"
latest-published-id = "0x115c7e15bc3f584b458fd984589a61482a18e8f5f9ad4865dd7ff6b1a685df9d"
published-version = "1"

[env.testnet]
chain-id = "4c78adac"
original-published-id = "0x9c7b034cdce29a22ec795f63f947843de20bc93c742025a1477b0cdb43085485"
latest-published-id = "0x9c7b034cdce29a22ec795f63f947843de20bc93c742025a1477b0cdb43085485"
published-version = "1"
