# @generated by Move, please check-in and do not edit manually.

[move]
version = 3
manifest_digest = "7B2F15A58235D53EF1D8B73B72813339AFAEC2081085982136B28A816B3383A3"
deps_digest = "52B406A7A21811BEF51751CF88DA0E76DAEFFEAC888D4F4060B1A72BBE7D8D35"
dependencies = [
  { id = "Bridge", name = "Bridge" },
  { id = "MoveStdlib", name = "MoveStdlib" },
  { id = "Sui", name = "Sui" },
  { id = "SuiSystem", name = "SuiSystem" },
  { id = "commitment", name = "commitment" },
  { id = "constants", name = "constants" },
]

[[move.package]]
id = "Bridge"
source = { git = "https://github.com/MystenLabs/sui.git", rev = "2c930c25f8d3", subdir = "crates/sui-framework/packages/bridge" }

dependencies = [
  { id = "MoveStdlib", name = "MoveStdlib" },
  { id = "Sui", name = "Sui" },
  { id = "SuiSystem", name = "SuiSystem" },
]

[[move.package]]
id = "MoveStdlib"
source = { git = "https://github.com/MystenLabs/sui.git", rev = "2c930c25f8d3", subdir = "crates/sui-framework/packages/move-stdlib" }

[[move.package]]
id = "Sui"
source = { git = "https://github.com/MystenLabs/sui.git", rev = "2c930c25f8d3", subdir = "crates/sui-framework/packages/sui-framework" }

dependencies = [
  { id = "MoveStdlib", name = "MoveStdlib" },
]

[[move.package]]
id = "SuiSystem"
source = { git = "https://github.com/MystenLabs/sui.git", rev = "2c930c25f8d3", subdir = "crates/sui-framework/packages/sui-system" }

dependencies = [
  { id = "MoveStdlib", name = "MoveStdlib" },
  { id = "Sui", name = "Sui" },
]

[[move.package]]
id = "commitment"
source = { local = "../commitment" }

dependencies = [
  { id = "Bridge", name = "Bridge" },
  { id = "MoveStdlib", name = "MoveStdlib" },
  { id = "Sui", name = "Sui" },
  { id = "SuiSystem", name = "SuiSystem" },
  { id = "constants", name = "constants" },
]

[[move.package]]
id = "constants"
source = { local = "../constants" }

dependencies = [
  { id = "Bridge", name = "Bridge" },
  { id = "MoveStdlib", name = "MoveStdlib" },
  { id = "Sui", name = "Sui" },
  { id = "SuiSystem", name = "SuiSystem" },
]

[move.toolchain-version]
compiler-version = "1.59.0"
edition = "2024.beta"
flavor = "sui"

[env]

[env.devnet]
chain-id = "4e8248fb"
original-published-id = "0x550610f218c477130ca135659977de4c6f884d0a44e86949cf15d296c92374ce"
latest-published-id = "0x550610f218c477130ca135659977de4c6f884d0a44e86949cf15d296c92374ce"
published-version = "1"

[env.testnet]
chain-id = "4c78adac"
original-published-id = "0x8018f0bf35dcd9fb8a3c289de91e0a7018be92f9167472825ffe8f7a6e87d277"
latest-published-id = "0x8018f0bf35dcd9fb8a3c289de91e0a7018be92f9167472825ffe8f7a6e87d277"
published-version = "1"
