# @generated by Move, please check-in and do not edit manually.

[move]
version = 3
manifest_digest = "F423908F1FB8AEBF5356D68BC31B418645F1F7A7D8338E6E86174ADD46EAA55D"
deps_digest = "397E6A9F7A624706DBDFEE056CE88391A15876868FD18A88504DA74EB458D697"
dependencies = [
  { id = "Bridge", name = "Bridge" },
  { id = "MoveStdlib", name = "MoveStdlib" },
  { id = "Sui", name = "Sui" },
  { id = "SuiSystem", name = "SuiSystem" },
  { id = "constants", name = "constants" },
]

[[move.package]]
id = "Bridge"
source = { git = "https://github.com/MystenLabs/sui.git", rev = "2c930c25f8d3", subdir = "crates/sui-framework/packages/bridge" }

dependencies = [
  { id = "MoveStdlib", name = "MoveStdlib" },
  { id = "Sui", name = "Sui" },
  { id = "SuiSystem", name = "SuiSystem" },
]

[[move.package]]
id = "MoveStdlib"
source = { git = "https://github.com/MystenLabs/sui.git", rev = "2c930c25f8d3", subdir = "crates/sui-framework/packages/move-stdlib" }

[[move.package]]
id = "Sui"
source = { git = "https://github.com/MystenLabs/sui.git", rev = "2c930c25f8d3", subdir = "crates/sui-framework/packages/sui-framework" }

dependencies = [
  { id = "MoveStdlib", name = "MoveStdlib" },
]

[[move.package]]
id = "SuiSystem"
source = { git = "https://github.com/MystenLabs/sui.git", rev = "2c930c25f8d3", subdir = "crates/sui-framework/packages/sui-system" }

dependencies = [
  { id = "MoveStdlib", name = "MoveStdlib" },
  { id = "Sui", name = "Sui" },
]

[[move.package]]
id = "constants"
source = { local = "../constants" }

dependencies = [
  { id = "Bridge", name = "Bridge" },
  { id = "MoveStdlib", name = "MoveStdlib" },
  { id = "Sui", name = "Sui" },
  { id = "SuiSystem", name = "SuiSystem" },
]

[move.toolchain-version]
compiler-version = "1.61.2"
edition = "2024.beta"
flavor = "sui"

[env]

[env.devnet]
chain-id = "a4bc10c3"
original-published-id = "0x7b3ee00006e1988a4f6a4f9c1c867cef0eec863c36ce3e106fbe3e6adf98b70c"
latest-published-id = "0x7b3ee00006e1988a4f6a4f9c1c867cef0eec863c36ce3e106fbe3e6adf98b70c"
published-version = "1"

[env.testnet]
chain-id = "4c78adac"
original-published-id = "0x5828ba1502c195c9159be67cdfce575cda7662baa624e6aa32adea607e3c7c70"
latest-published-id = "0x5828ba1502c195c9159be67cdfce575cda7662baa624e6aa32adea607e3c7c70"
published-version = "1"
