# @generated by Move, please check-in and do not edit manually.

[move]
version = 3
manifest_digest = "F423908F1FB8AEBF5356D68BC31B418645F1F7A7D8338E6E86174ADD46EAA55D"
deps_digest = "397E6A9F7A624706DBDFEE056CE88391A15876868FD18A88504DA74EB458D697"
dependencies = [
  { id = "Bridge", name = "Bridge" },
  { id = "MoveStdlib", name = "MoveStdlib" },
  { id = "Sui", name = "Sui" },
  { id = "SuiSystem", name = "SuiSystem" },
  { id = "constants", name = "constants" },
]

[[move.package]]
id = "Bridge"
source = { git = "https://github.com/MystenLabs/sui.git", rev = "2c930c25f8d3", subdir = "crates/sui-framework/packages/bridge" }

dependencies = [
  { id = "MoveStdlib", name = "MoveStdlib" },
  { id = "Sui", name = "Sui" },
  { id = "SuiSystem", name = "SuiSystem" },
]

[[move.package]]
id = "MoveStdlib"
source = { git = "https://github.com/MystenLabs/sui.git", rev = "2c930c25f8d3", subdir = "crates/sui-framework/packages/move-stdlib" }

[[move.package]]
id = "Sui"
source = { git = "https://github.com/MystenLabs/sui.git", rev = "2c930c25f8d3", subdir = "crates/sui-framework/packages/sui-framework" }

dependencies = [
  { id = "MoveStdlib", name = "MoveStdlib" },
]

[[move.package]]
id = "SuiSystem"
source = { git = "https://github.com/MystenLabs/sui.git", rev = "2c930c25f8d3", subdir = "crates/sui-framework/packages/sui-system" }

dependencies = [
  { id = "MoveStdlib", name = "MoveStdlib" },
  { id = "Sui", name = "Sui" },
]

[[move.package]]
id = "constants"
source = { local = "../constants" }

dependencies = [
  { id = "Bridge", name = "Bridge" },
  { id = "MoveStdlib", name = "MoveStdlib" },
  { id = "Sui", name = "Sui" },
  { id = "SuiSystem", name = "SuiSystem" },
]

[move.toolchain-version]
compiler-version = "1.54.1"
edition = "2024.beta"
flavor = "sui"

[env]

[env.devnet]
chain-id = "0343a9bd"
original-published-id = "0xd0210c07a5c0a98bd4b1fa4110abfa05c14bfae8885f0be3133890d6a5b8774a"
latest-published-id = "0xd0210c07a5c0a98bd4b1fa4110abfa05c14bfae8885f0be3133890d6a5b8774a"
published-version = "1"

[env.testnet]
chain-id = "4c78adac"
original-published-id = "0x015577605f52642fc5bec2215bb8181e2b87770531aa1f8a5c2dc974d8df769a"
latest-published-id = "0x015577605f52642fc5bec2215bb8181e2b87770531aa1f8a5c2dc974d8df769a"
published-version = "1"
