# @generated by Move, please check-in and do not edit manually.

[move]
version = 3
manifest_digest = "F205A5E95A596834CF21DACEAD5C34AF9283B2CA5774BF1ABB4508F6B76B979F"
deps_digest = "F9B494B64F0615AED0E98FC12A85B85ECD2BC5185C22D30E7F67786BB52E507C"
dependencies = [
  { id = "Bridge", name = "Bridge" },
  { id = "MoveStdlib", name = "MoveStdlib" },
  { id = "Sui", name = "Sui" },
  { id = "SuiSystem", name = "SuiSystem" },
]

[[move.package]]
id = "Bridge"
source = { git = "https://github.com/MystenLabs/sui.git", rev = "2c930c25f8d3", subdir = "crates/sui-framework/packages/bridge" }

dependencies = [
  { id = "MoveStdlib", name = "MoveStdlib" },
  { id = "Sui", name = "Sui" },
  { id = "SuiSystem", name = "SuiSystem" },
]

[[move.package]]
id = "MoveStdlib"
source = { git = "https://github.com/MystenLabs/sui.git", rev = "2c930c25f8d3", subdir = "crates/sui-framework/packages/move-stdlib" }

[[move.package]]
id = "Sui"
source = { git = "https://github.com/MystenLabs/sui.git", rev = "2c930c25f8d3", subdir = "crates/sui-framework/packages/sui-framework" }

dependencies = [
  { id = "MoveStdlib", name = "MoveStdlib" },
]

[[move.package]]
id = "SuiSystem"
source = { git = "https://github.com/MystenLabs/sui.git", rev = "2c930c25f8d3", subdir = "crates/sui-framework/packages/sui-system" }

dependencies = [
  { id = "MoveStdlib", name = "MoveStdlib" },
  { id = "Sui", name = "Sui" },
]

[move.toolchain-version]
compiler-version = "1.57.2"
edition = "2024.beta"
flavor = "sui"

[env]

[env.devnet]
chain-id = "e726a3a8"
original-published-id = "0x1ae3f6f989fdb85eeb98ed1a5ca44504bbcfd49443397bfd2eb75c0703f76e07"
latest-published-id = "0x1ae3f6f989fdb85eeb98ed1a5ca44504bbcfd49443397bfd2eb75c0703f76e07"
published-version = "1"

[env.testnet]
chain-id = "4c78adac"
original-published-id = "0x7a75bca1f2678a1a1457b6b3a2c52e0ae3aba6a44bbbe9b9c6554fb1625aac61"
latest-published-id = "0x7a75bca1f2678a1a1457b6b3a2c52e0ae3aba6a44bbbe9b9c6554fb1625aac61"
published-version = "1"
