# @generated by Move, please check-in and do not edit manually.

[move]
version = 3
manifest_digest = "F205A5E95A596834CF21DACEAD5C34AF9283B2CA5774BF1ABB4508F6B76B979F"
deps_digest = "F9B494B64F0615AED0E98FC12A85B85ECD2BC5185C22D30E7F67786BB52E507C"
dependencies = [
  { id = "Bridge", name = "Bridge" },
  { id = "MoveStdlib", name = "MoveStdlib" },
  { id = "Sui", name = "Sui" },
  { id = "SuiSystem", name = "SuiSystem" },
]

[[move.package]]
id = "Bridge"
source = { git = "https://github.com/MystenLabs/sui.git", rev = "2c930c25f8d3", subdir = "crates/sui-framework/packages/bridge" }

dependencies = [
  { id = "MoveStdlib", name = "MoveStdlib" },
  { id = "Sui", name = "Sui" },
  { id = "SuiSystem", name = "SuiSystem" },
]

[[move.package]]
id = "MoveStdlib"
source = { git = "https://github.com/MystenLabs/sui.git", rev = "2c930c25f8d3", subdir = "crates/sui-framework/packages/move-stdlib" }

[[move.package]]
id = "Sui"
source = { git = "https://github.com/MystenLabs/sui.git", rev = "2c930c25f8d3", subdir = "crates/sui-framework/packages/sui-framework" }

dependencies = [
  { id = "MoveStdlib", name = "MoveStdlib" },
]

[[move.package]]
id = "SuiSystem"
source = { git = "https://github.com/MystenLabs/sui.git", rev = "2c930c25f8d3", subdir = "crates/sui-framework/packages/sui-system" }

dependencies = [
  { id = "MoveStdlib", name = "MoveStdlib" },
  { id = "Sui", name = "Sui" },
]

[move.toolchain-version]
compiler-version = "1.55.0"
edition = "2024.beta"
flavor = "sui"

[env]

[env.devnet]
chain-id = "ae43edc0"
original-published-id = "0xfede72fd2a6c182e238fd7e8e28fc741472e603e8e82f0317eb0207f385de178"
latest-published-id = "0xfede72fd2a6c182e238fd7e8e28fc741472e603e8e82f0317eb0207f385de178"
published-version = "1"

[env.testnet]
chain-id = "4c78adac"
original-published-id = "0x0776b13cf04ed13c74e61801e8e4e3df9d5c7ffe7d21afad5124fb832c9179ea"
latest-published-id = "0x0776b13cf04ed13c74e61801e8e4e3df9d5c7ffe7d21afad5124fb832c9179ea"
published-version = "1"
