# @generated by Move, please check-in and do not edit manually.

[move]
version = 3
manifest_digest = "87A77AF2EEA77BCD24AED4A2FF85CFB6321BDE584D62FDF0E2144688ED5AFD76"
deps_digest = "52B406A7A21811BEF51751CF88DA0E76DAEFFEAC888D4F4060B1A72BBE7D8D35"
dependencies = [
  { id = "Bridge", name = "Bridge" },
  { id = "MoveStdlib", name = "MoveStdlib" },
  { id = "Sui", name = "Sui" },
  { id = "SuiSystem", name = "SuiSystem" },
  { id = "commitment", name = "commitment" },
  { id = "coordination", name = "coordination" },
]

[[move.package]]
id = "Bridge"
source = { git = "https://github.com/MystenLabs/sui.git", rev = "61dcfdbe2ddc7ad05d27fc10cd09d4c6cc151acd", subdir = "crates/sui-framework/packages/bridge" }

dependencies = [
  { id = "MoveStdlib", name = "MoveStdlib" },
  { id = "Sui", name = "Sui" },
  { id = "SuiSystem", name = "SuiSystem" },
]

[[move.package]]
id = "MoveStdlib"
source = { git = "https://github.com/MystenLabs/sui.git", rev = "61dcfdbe2ddc7ad05d27fc10cd09d4c6cc151acd", subdir = "crates/sui-framework/packages/move-stdlib" }

[[move.package]]
id = "Sui"
source = { git = "https://github.com/MystenLabs/sui.git", rev = "61dcfdbe2ddc7ad05d27fc10cd09d4c6cc151acd", subdir = "crates/sui-framework/packages/sui-framework" }

dependencies = [
  { id = "MoveStdlib", name = "MoveStdlib" },
]

[[move.package]]
id = "SuiSystem"
source = { git = "https://github.com/MystenLabs/sui.git", rev = "61dcfdbe2ddc7ad05d27fc10cd09d4c6cc151acd", subdir = "crates/sui-framework/packages/sui-system" }

dependencies = [
  { id = "MoveStdlib", name = "MoveStdlib" },
  { id = "Sui", name = "Sui" },
]

[[move.package]]
id = "commitment"
source = { git = "https://github.com/SilvanaOne/silvana", rev = "0fab52ea1170489237d0cbe039fd34cc277ceb22", subdir = "move/commitment" }

dependencies = [
  { id = "Bridge", name = "Bridge" },
  { id = "MoveStdlib", name = "MoveStdlib" },
  { id = "Sui", name = "Sui" },
  { id = "SuiSystem", name = "SuiSystem" },
  { id = "constants", name = "constants" },
]

[[move.package]]
id = "constants"
source = { git = "https://github.com/SilvanaOne/silvana", rev = "0fab52ea1170489237d0cbe039fd34cc277ceb22", subdir = "move/constants" }

dependencies = [
  { id = "Bridge", name = "Bridge" },
  { id = "MoveStdlib", name = "MoveStdlib" },
  { id = "Sui", name = "Sui" },
  { id = "SuiSystem", name = "SuiSystem" },
]

[[move.package]]
id = "coordination"
source = { git = "https://github.com/SilvanaOne/silvana", rev = "0fab52ea1170489237d0cbe039fd34cc277ceb22", subdir = "move/coordination" }

dependencies = [
  { id = "Bridge", name = "Bridge" },
  { id = "MoveStdlib", name = "MoveStdlib" },
  { id = "Sui", name = "Sui" },
  { id = "SuiSystem", name = "SuiSystem" },
  { id = "commitment", name = "commitment" },
  { id = "constants", name = "constants" },
]

[move.toolchain-version]
compiler-version = "1.59.0"
edition = "2024.beta"
flavor = "sui"

[env]

[env.devnet]
chain-id = "9ada86bf"
original-published-id = "0xf8532781dd770e30bf41762a6e9a084fd5da34daff1dd955c67469944a08b1f2"
latest-published-id = "0xf8532781dd770e30bf41762a6e9a084fd5da34daff1dd955c67469944a08b1f2"
published-version = "1"

[env.testnet]
chain-id = "4c78adac"
original-published-id = "0xb30f753d8a0e4cf28a5a0774f1109663199ffbce1d88a5d4ab6a8d8f61dd91b5"
latest-published-id = "0xb30f753d8a0e4cf28a5a0774f1109663199ffbce1d88a5d4ab6a8d8f61dd91b5"
published-version = "1"
