# @generated by Move, please check-in and do not edit manually.

[move]
version = 3
manifest_digest = "37C84B96F9A4D8919FF9C9A5FE0AA6CDD169F7F79FF7D4BF553B3490B7A74881"
deps_digest = "52B406A7A21811BEF51751CF88DA0E76DAEFFEAC888D4F4060B1A72BBE7D8D35"
dependencies = [
  { id = "Bridge", name = "Bridge" },
  { id = "MoveStdlib", name = "MoveStdlib" },
  { id = "Sui", name = "Sui" },
  { id = "SuiSystem", name = "SuiSystem" },
  { id = "commitment", name = "commitment" },
  { id = "coordination", name = "coordination" },
]

[[move.package]]
id = "Bridge"
source = { git = "https://github.com/MystenLabs/sui.git", rev = "664b05b3b047c5bb03979d093660176176ea6175", subdir = "crates/sui-framework/packages/bridge" }

dependencies = [
  { id = "MoveStdlib", name = "MoveStdlib" },
  { id = "Sui", name = "Sui" },
  { id = "SuiSystem", name = "SuiSystem" },
]

[[move.package]]
id = "MoveStdlib"
source = { git = "https://github.com/MystenLabs/sui.git", rev = "664b05b3b047c5bb03979d093660176176ea6175", subdir = "crates/sui-framework/packages/move-stdlib" }

[[move.package]]
id = "Sui"
source = { git = "https://github.com/MystenLabs/sui.git", rev = "664b05b3b047c5bb03979d093660176176ea6175", subdir = "crates/sui-framework/packages/sui-framework" }

dependencies = [
  { id = "MoveStdlib", name = "MoveStdlib" },
]

[[move.package]]
id = "SuiSystem"
source = { git = "https://github.com/MystenLabs/sui.git", rev = "664b05b3b047c5bb03979d093660176176ea6175", subdir = "crates/sui-framework/packages/sui-system" }

dependencies = [
  { id = "MoveStdlib", name = "MoveStdlib" },
  { id = "Sui", name = "Sui" },
]

[[move.package]]
id = "commitment"
source = { git = "https://github.com/SilvanaOne/silvana", rev = "348032854c8e2d90a2632cc2c20630466e61a5ef", subdir = "move/commitment" }

dependencies = [
  { id = "Bridge", name = "Bridge" },
  { id = "MoveStdlib", name = "MoveStdlib" },
  { id = "Sui", name = "Sui" },
  { id = "SuiSystem", name = "SuiSystem" },
  { id = "constants", name = "constants" },
]

[[move.package]]
id = "constants"
source = { git = "https://github.com/SilvanaOne/silvana", rev = "348032854c8e2d90a2632cc2c20630466e61a5ef", subdir = "move/constants" }

dependencies = [
  { id = "Bridge", name = "Bridge" },
  { id = "MoveStdlib", name = "MoveStdlib" },
  { id = "Sui", name = "Sui" },
  { id = "SuiSystem", name = "SuiSystem" },
]

[[move.package]]
id = "coordination"
source = { git = "https://github.com/SilvanaOne/silvana", rev = "348032854c8e2d90a2632cc2c20630466e61a5ef", subdir = "move/coordination" }

dependencies = [
  { id = "Bridge", name = "Bridge" },
  { id = "MoveStdlib", name = "MoveStdlib" },
  { id = "Sui", name = "Sui" },
  { id = "SuiSystem", name = "SuiSystem" },
  { id = "commitment", name = "commitment" },
  { id = "constants", name = "constants" },
]

[move.toolchain-version]
compiler-version = "1.56.1"
edition = "2024.beta"
flavor = "sui"

[env]

[env.devnet]
chain-id = "d4b07478"
original-published-id = "0xd8d9c75faf8087dd749df8635755ac04cd6107ad8deeda3dee9038b0a89b1ac9"
latest-published-id = "0xd8d9c75faf8087dd749df8635755ac04cd6107ad8deeda3dee9038b0a89b1ac9"
published-version = "1"
